// !$*UTF8*$!
{
	archiveVersion = 1;
	classes = {
	};
	objectVersion = 46;
	objects = {

/* Begin PBXBuildFile section */
		4636721A1AA3EDB1000E5391 /* main.m in Sources */ = {isa = PBXBuildFile; fileRef = 463672191AA3EDB1000E5391 /* main.m */; };
		4636721D1AA3EDB1000E5391 /* AppDelegate.m in Sources */ = {isa = PBXBuildFile; fileRef = 4636721C1AA3EDB1000E5391 /* AppDelegate.m */; };
		463672251AA3EDB1000E5391 /* Images.xcassets in Resources */ = {isa = PBXBuildFile; fileRef = 463672241AA3EDB1000E5391 /* Images.xcassets */; };
		463672281AA3EDB1000E5391 /* LaunchScreen.xib in Resources */ = {isa = PBXBuildFile; fileRef = 463672261AA3EDB1000E5391 /* LaunchScreen.xib */; };
		463672341AA3EDB1000E5391 /* StickMazeTests.m in Sources */ = {isa = PBXBuildFile; fileRef = 463672331AA3EDB1000E5391 /* StickMazeTests.m */; };
		46393B781AB5F504005585CF /* PauseMenuViewController.m in Sources */ = {isa = PBXBuildFile; fileRef = 46393B761AB5F504005585CF /* PauseMenuViewController.m */; };
		46393B791AB5F504005585CF /* PauseMenuViewController.xib in Resources */ = {isa = PBXBuildFile; fileRef = 46393B771AB5F504005585CF /* PauseMenuViewController.xib */; };
		46393B7E1AB612AE005585CF /* GameViewController.xib in Resources */ = {isa = PBXBuildFile; fileRef = 46393B7D1AB612AE005585CF /* GameViewController.xib */; };
		46393B801AB612E2005585CF /* RecordsViewController.xib in Resources */ = {isa = PBXBuildFile; fileRef = 46393B7F1AB612E2005585CF /* RecordsViewController.xib */; };
		466D447D1AD06DD300E2412E /* ScoreController.m in Sources */ = {isa = PBXBuildFile; fileRef = 466D447C1AD06DD300E2412E /* ScoreController.m */; };
		466D44871AD0807C00E2412E /* HomeViewController.m in Sources */ = {isa = PBXBuildFile; fileRef = 466D44851AD0807C00E2412E /* HomeViewController.m */; };
		466D448A1AD084AA00E2412E /* Main.storyboard in Resources */ = {isa = PBXBuildFile; fileRef = 466D44891AD084AA00E2412E /* Main.storyboard */; };
		4680A17E1AC775DF0084DD06 /* StickMan.m in Sources */ = {isa = PBXBuildFile; fileRef = 4680A17D1AC775DF0084DD06 /* StickMan.m */; };
		469F97011AC74E8300DD6D11 /* GameViewController.m in Sources */ = {isa = PBXBuildFile; fileRef = 469F97001AC74E8300DD6D11 /* GameViewController.m */; };
		469F97041AC74F4C00DD6D11 /* RecordsViewController.m in Sources */ = {isa = PBXBuildFile; fileRef = 469F97031AC74F4C00DD6D11 /* RecordsViewController.m */; };
		46A7F5531AC8DC1100B4E49C /* standing.png in Resources */ = {isa = PBXBuildFile; fileRef = 46A7F5521AC8DC1100B4E49C /* standing.png */; };
		46A7F5571AC8F1A700B4E49C /* falling1.png in Resources */ = {isa = PBXBuildFile; fileRef = 46A7F5541AC8F1A700B4E49C /* falling1.png */; };
		46A7F5581AC8F1A700B4E49C /* falling2.png in Resources */ = {isa = PBXBuildFile; fileRef = 46A7F5551AC8F1A700B4E49C /* falling2.png */; };
		46A7F5591AC8F1A700B4E49C /* falling3.png in Resources */ = {isa = PBXBuildFile; fileRef = 46A7F5561AC8F1A700B4E49C /* falling3.png */; };
		46A7F55D1AC8F22C00B4E49C /* gettingUp1.png in Resources */ = {isa = PBXBuildFile; fileRef = 46A7F55A1AC8F22C00B4E49C /* gettingUp1.png */; };
		46A7F55E1AC8F22C00B4E49C /* gettingUp2.png in Resources */ = {isa = PBXBuildFile; fileRef = 46A7F55B1AC8F22C00B4E49C /* gettingUp2.png */; };
		46A7F55F1AC8F22C00B4E49C /* gettingUp3.png in Resources */ = {isa = PBXBuildFile; fileRef = 46A7F55C1AC8F22C00B4E49C /* gettingUp3.png */; };
		46A7F5661AC8F29800B4E49C /* runningLeft1.png in Resources */ = {isa = PBXBuildFile; fileRef = 46A7F5601AC8F29800B4E49C /* runningLeft1.png */; };
		46A7F5671AC8F29800B4E49C /* runningLeft2.png in Resources */ = {isa = PBXBuildFile; fileRef = 46A7F5611AC8F29800B4E49C /* runningLeft2.png */; };
		46A7F5681AC8F29800B4E49C /* runningLeft3.png in Resources */ = {isa = PBXBuildFile; fileRef = 46A7F5621AC8F29800B4E49C /* runningLeft3.png */; };
		46A7F5691AC8F29800B4E49C /* runningRight1.png in Resources */ = {isa = PBXBuildFile; fileRef = 46A7F5631AC8F29800B4E49C /* runningRight1.png */; };
		46A7F56A1AC8F29800B4E49C /* runningRight2.png in Resources */ = {isa = PBXBuildFile; fileRef = 46A7F5641AC8F29800B4E49C /* runningRight2.png */; };
		46A7F56B1AC8F29800B4E49C /* runningRight3.png in Resources */ = {isa = PBXBuildFile; fileRef = 46A7F5651AC8F29800B4E49C /* runningRight3.png */; };
		46A7F5701AC8FBC500B4E49C /* MazeCell.m in Sources */ = {isa = PBXBuildFile; fileRef = 46A7F56D1AC8FBC500B4E49C /* MazeCell.m */; };
		46A7F5711AC8FBC500B4E49C /* MazeModel.m in Sources */ = {isa = PBXBuildFile; fileRef = 46A7F56F1AC8FBC500B4E49C /* MazeModel.m */; };
		46C9DD881ACC811300C2B7DE /* stickMazeIcon.PNG in Resources */ = {isa = PBXBuildFile; fileRef = 46C9DD871ACC811300C2B7DE /* stickMazeIcon.PNG */; };
/* End PBXBuildFile section */

/* Begin PBXContainerItemProxy section */
		4636722E1AA3EDB1000E5391 /* PBXContainerItemProxy */ = {
			isa = PBXContainerItemProxy;
			containerPortal = 4636720C1AA3EDB1000E5391 /* Project object */;
			proxyType = 1;
			remoteGlobalIDString = 463672131AA3EDB1000E5391;
			remoteInfo = StickMaze;
		};
/* End PBXContainerItemProxy section */

/* Begin PBXFileReference section */
		463672141AA3EDB1000E5391 /* StickMaze.app */ = {isa = PBXFileReference; explicitFileType = wrapper.application; includeInIndex = 0; path = StickMaze.app; sourceTree = BUILT_PRODUCTS_DIR; };
		463672181AA3EDB1000E5391 /* Info.plist */ = {isa = PBXFileReference; lastKnownFileType = text.plist.xml; path = Info.plist; sourceTree = "<group>"; };
		463672191AA3EDB1000E5391 /* main.m */ = {isa = PBXFileReference; lastKnownFileType = sourcecode.c.objc; path = main.m; sourceTree = "<group>"; };
		4636721B1AA3EDB1000E5391 /* AppDelegate.h */ = {isa = PBXFileReference; lastKnownFileType = sourcecode.c.h; path = AppDelegate.h; sourceTree = "<group>"; };
		4636721C1AA3EDB1000E5391 /* AppDelegate.m */ = {isa = PBXFileReference; lastKnownFileType = sourcecode.c.objc; path = AppDelegate.m; sourceTree = "<group>"; };
		463672241AA3EDB1000E5391 /* Images.xcassets */ = {isa = PBXFileReference; lastKnownFileType = folder.assetcatalog; path = Images.xcassets; sourceTree = "<group>"; };
		463672271AA3EDB1000E5391 /* Base */ = {isa = PBXFileReference; lastKnownFileType = file.xib; name = Base; path = Base.lproj/LaunchScreen.xib; sourceTree = "<group>"; };
		4636722D1AA3EDB1000E5391 /* StickMazeTests.xctest */ = {isa = PBXFileReference; explicitFileType = wrapper.cfbundle; includeInIndex = 0; path = StickMazeTests.xctest; sourceTree = BUILT_PRODUCTS_DIR; };
		463672321AA3EDB1000E5391 /* Info.plist */ = {isa = PBXFileReference; lastKnownFileType = text.plist.xml; path = Info.plist; sourceTree = "<group>"; };
		463672331AA3EDB1000E5391 /* StickMazeTests.m */ = {isa = PBXFileReference; lastKnownFileType = sourcecode.c.objc; path = StickMazeTests.m; sourceTree = "<group>"; };
		46393B751AB5F504005585CF /* PauseMenuViewController.h */ = {isa = PBXFileReference; fileEncoding = 4; lastKnownFileType = sourcecode.c.h; name = PauseMenuViewController.h; path = ../../../../../../../Users/labnet3/st5/znc028/Desktop/StickMaze/StickMaze/PauseMenuViewController.h; sourceTree = "<group>"; };
		46393B761AB5F504005585CF /* PauseMenuViewController.m */ = {isa = PBXFileReference; fileEncoding = 4; lastKnownFileType = sourcecode.c.objc; name = PauseMenuViewController.m; path = ../../../../../../../Users/labnet3/st5/znc028/Desktop/StickMaze/StickMaze/PauseMenuViewController.m; sourceTree = "<group>"; };
		46393B771AB5F504005585CF /* PauseMenuViewController.xib */ = {isa = PBXFileReference; fileEncoding = 4; lastKnownFileType = file.xib; name = PauseMenuViewController.xib; path = ../../../../../../../Users/labnet3/st5/znc028/Desktop/StickMaze/StickMaze/PauseMenuViewController.xib; sourceTree = "<group>"; };
		46393B7D1AB612AE005585CF /* GameViewController.xib */ = {isa = PBXFileReference; fileEncoding = 4; lastKnownFileType = file.xib; path = GameViewController.xib; sourceTree = "<group>"; };
		46393B7F1AB612E2005585CF /* RecordsViewController.xib */ = {isa = PBXFileReference; fileEncoding = 4; lastKnownFileType = file.xib; path = RecordsViewController.xib; sourceTree = "<group>"; };
		466D447B1AD06DD300E2412E /* ScoreController.h */ = {isa = PBXFileReference; fileEncoding = 4; lastKnownFileType = sourcecode.c.h; name = ScoreController.h; path = ../../../../../../../Users/labnet3/st5/znc028/Desktop/StickMaze/StickMaze/ScoreController.h; sourceTree = "<group>"; };
		466D447C1AD06DD300E2412E /* ScoreController.m */ = {isa = PBXFileReference; fileEncoding = 4; lastKnownFileType = sourcecode.c.objc; name = ScoreController.m; path = ../../../../../../../Users/labnet3/st5/znc028/Desktop/StickMaze/StickMaze/ScoreController.m; sourceTree = "<group>"; };
		466D44841AD0807C00E2412E /* HomeViewController.h */ = {isa = PBXFileReference; fileEncoding = 4; lastKnownFileType = sourcecode.c.h; name = HomeViewController.h; path = ../../../../../../../Users/labnet3/st5/znc028/Desktop/StickMaze/StickMaze/HomeViewController.h; sourceTree = "<group>"; };
		466D44851AD0807C00E2412E /* HomeViewController.m */ = {isa = PBXFileReference; fileEncoding = 4; lastKnownFileType = sourcecode.c.objc; name = HomeViewController.m; path = ../../../../../../../Users/labnet3/st5/znc028/Desktop/StickMaze/StickMaze/HomeViewController.m; sourceTree = "<group>"; };
		466D44891AD084AA00E2412E /* Main.storyboard */ = {isa = PBXFileReference; fileEncoding = 4; lastKnownFileType = file.storyboard; path = Main.storyboard; sourceTree = "<group>"; };
		4680A17C1AC775DF0084DD06 /* StickMan.h */ = {isa = PBXFileReference; fileEncoding = 4; lastKnownFileType = sourcecode.c.h; name = StickMan.h; path = ../../../../../../../Users/labnet3/st5/znc028/Desktop/StickMaze/StickMaze/StickMan.h; sourceTree = "<group>"; };
		4680A17D1AC775DF0084DD06 /* StickMan.m */ = {isa = PBXFileReference; fileEncoding = 4; lastKnownFileType = sourcecode.c.objc; name = StickMan.m; path = ../../../../../../../Users/labnet3/st5/znc028/Desktop/StickMaze/StickMaze/StickMan.m; sourceTree = "<group>"; };
		469F96FF1AC74E8300DD6D11 /* GameViewController.h */ = {isa = PBXFileReference; fileEncoding = 4; lastKnownFileType = sourcecode.c.h; name = GameViewController.h; path = ../../../../../../../Users/labnet3/st5/znc028/Desktop/StickMaze/StickMaze/GameViewController.h; sourceTree = "<group>"; };
		469F97001AC74E8300DD6D11 /* GameViewController.m */ = {isa = PBXFileReference; fileEncoding = 4; lastKnownFileType = sourcecode.c.objc; name = GameViewController.m; path = ../../../../../../../Users/labnet3/st5/znc028/Desktop/StickMaze/StickMaze/GameViewController.m; sourceTree = "<group>"; };
		469F97021AC74F4C00DD6D11 /* RecordsViewController.h */ = {isa = PBXFileReference; fileEncoding = 4; lastKnownFileType = sourcecode.c.h; name = RecordsViewController.h; path = ../../../../../../../Users/labnet3/st5/znc028/Desktop/StickMaze/StickMaze/RecordsViewController.h; sourceTree = "<group>"; };
		469F97031AC74F4C00DD6D11 /* RecordsViewController.m */ = {isa = PBXFileReference; fileEncoding = 4; lastKnownFileType = sourcecode.c.objc; name = RecordsViewController.m; path = ../../../../../../../Users/labnet3/st5/znc028/Desktop/StickMaze/StickMaze/RecordsViewController.m; sourceTree = "<group>"; };
		46A7F5521AC8DC1100B4E49C /* standing.png */ = {isa = PBXFileReference; lastKnownFileType = image.png; path = standing.png; sourceTree = "<group>"; };
		46A7F5541AC8F1A700B4E49C /* falling1.png */ = {isa = PBXFileReference; lastKnownFileType = image.png; path = falling1.png; sourceTree = "<group>"; };
		46A7F5551AC8F1A700B4E49C /* falling2.png */ = {isa = PBXFileReference; lastKnownFileType = image.png; path = falling2.png; sourceTree = "<group>"; };
		46A7F5561AC8F1A700B4E49C /* falling3.png */ = {isa = PBXFileReference; lastKnownFileType = image.png; path = falling3.png; sourceTree = "<group>"; };
		46A7F55A1AC8F22C00B4E49C /* gettingUp1.png */ = {isa = PBXFileReference; lastKnownFileType = image.png; path = gettingUp1.png; sourceTree = "<group>"; };
		46A7F55B1AC8F22C00B4E49C /* gettingUp2.png */ = {isa = PBXFileReference; lastKnownFileType = image.png; path = gettingUp2.png; sourceTree = "<group>"; };
		46A7F55C1AC8F22C00B4E49C /* gettingUp3.png */ = {isa = PBXFileReference; lastKnownFileType = image.png; path = gettingUp3.png; sourceTree = "<group>"; };
		46A7F5601AC8F29800B4E49C /* runningLeft1.png */ = {isa = PBXFileReference; lastKnownFileType = image.png; path = runningLeft1.png; sourceTree = "<group>"; };
		46A7F5611AC8F29800B4E49C /* runningLeft2.png */ = {isa = PBXFileReference; lastKnownFileType = image.png; path = runningLeft2.png; sourceTree = "<group>"; };
		46A7F5621AC8F29800B4E49C /* runningLeft3.png */ = {isa = PBXFileReference; lastKnownFileType = image.png; path = runningLeft3.png; sourceTree = "<group>"; };
		46A7F5631AC8F29800B4E49C /* runningRight1.png */ = {isa = PBXFileReference; lastKnownFileType = image.png; path = runningRight1.png; sourceTree = "<group>"; };
		46A7F5641AC8F29800B4E49C /* runningRight2.png */ = {isa = PBXFileReference; lastKnownFileType = image.png; path = runningRight2.png; sourceTree = "<group>"; };
		46A7F5651AC8F29800B4E49C /* runningRight3.png */ = {isa = PBXFileReference; lastKnownFileType = image.png; path = runningRight3.png; sourceTree = "<group>"; };
		46A7F56C1AC8FBC500B4E49C /* MazeCell.h */ = {isa = PBXFileReference; fileEncoding = 4; lastKnownFileType = sourcecode.c.h; name = MazeCell.h; path = ../../../../../../../Users/labnet3/st5/znc028/Desktop/StickMaze/StickMaze/MazeCell.h; sourceTree = "<group>"; };
		46A7F56D1AC8FBC500B4E49C /* MazeCell.m */ = {isa = PBXFileReference; fileEncoding = 4; lastKnownFileType = sourcecode.c.objc; name = MazeCell.m; path = ../../../../../../../Users/labnet3/st5/znc028/Desktop/StickMaze/StickMaze/MazeCell.m; sourceTree = "<group>"; };
		46A7F56E1AC8FBC500B4E49C /* MazeModel.h */ = {isa = PBXFileReference; fileEncoding = 4; lastKnownFileType = sourcecode.c.h; name = MazeModel.h; path = ../../../../../../../Users/labnet3/st5/znc028/Desktop/StickMaze/StickMaze/MazeModel.h; sourceTree = "<group>"; };
		46A7F56F1AC8FBC500B4E49C /* MazeModel.m */ = {isa = PBXFileReference; fileEncoding = 4; lastKnownFileType = sourcecode.c.objc; name = MazeModel.m; path = ../../../../../../../Users/labnet3/st5/znc028/Desktop/StickMaze/StickMaze/MazeModel.m; sourceTree = "<group>"; };
		46C9DD871ACC811300C2B7DE /* stickMazeIcon.PNG */ = {isa = PBXFileReference; lastKnownFileType = image.png; path = stickMazeIcon.PNG; sourceTree = "<group>"; };
/* End PBXFileReference section */

/* Begin PBXFrameworksBuildPhase section */
		463672111AA3EDB1000E5391 /* Frameworks */ = {
			isa = PBXFrameworksBuildPhase;
			buildActionMask = 2147483647;
			files = (
			);
			runOnlyForDeploymentPostprocessing = 0;
		};
		4636722A1AA3EDB1000E5391 /* Frameworks */ = {
			isa = PBXFrameworksBuildPhase;
			buildActionMask = 2147483647;
			files = (
			);
			runOnlyForDeploymentPostprocessing = 0;
		};
/* End PBXFrameworksBuildPhase section */

/* Begin PBXGroup section */
		4636720B1AA3EDB1000E5391 = {
			isa = PBXGroup;
			children = (
				463672161AA3EDB1000E5391 /* StickMaze */,
				463672301AA3EDB1000E5391 /* StickMazeTests */,
				463672151AA3EDB1000E5391 /* Products */,
			);
			sourceTree = "<group>";
		};
		463672151AA3EDB1000E5391 /* Products */ = {
			isa = PBXGroup;
			children = (
				463672141AA3EDB1000E5391 /* StickMaze.app */,
				4636722D1AA3EDB1000E5391 /* StickMazeTests.xctest */,
			);
			name = Products;
			sourceTree = SOURCE_ROOT;
		};
		463672161AA3EDB1000E5391 /* StickMaze */ = {
			isa = PBXGroup;
			children = (
				466D44891AD084AA00E2412E /* Main.storyboard */,
				46A7F56C1AC8FBC500B4E49C /* MazeCell.h */,
				46A7F56D1AC8FBC500B4E49C /* MazeCell.m */,
				46A7F56E1AC8FBC500B4E49C /* MazeModel.h */,
				46A7F56F1AC8FBC500B4E49C /* MazeModel.m */,
				4680A17C1AC775DF0084DD06 /* StickMan.h */,
				4680A17D1AC775DF0084DD06 /* StickMan.m */,
				46393B751AB5F504005585CF /* PauseMenuViewController.h */,
				46393B761AB5F504005585CF /* PauseMenuViewController.m */,
				46393B771AB5F504005585CF /* PauseMenuViewController.xib */,
				469F97021AC74F4C00DD6D11 /* RecordsViewController.h */,
				469F97031AC74F4C00DD6D11 /* RecordsViewController.m */,
				469F96FF1AC74E8300DD6D11 /* GameViewController.h */,
				469F97001AC74E8300DD6D11 /* GameViewController.m */,
				46393B7F1AB612E2005585CF /* RecordsViewController.xib */,
				46393B7D1AB612AE005585CF /* GameViewController.xib */,
				466D447B1AD06DD300E2412E /* ScoreController.h */,
				466D447C1AD06DD300E2412E /* ScoreController.m */,
				4636721B1AA3EDB1000E5391 /* AppDelegate.h */,
				4636721C1AA3EDB1000E5391 /* AppDelegate.m */,
				466D44841AD0807C00E2412E /* HomeViewController.h */,
				466D44851AD0807C00E2412E /* HomeViewController.m */,
				463672241AA3EDB1000E5391 /* Images.xcassets */,
				463672261AA3EDB1000E5391 /* LaunchScreen.xib */,
				463672171AA3EDB1000E5391 /* Supporting Files */,
			);
			path = StickMaze;
			sourceTree = SOURCE_ROOT;
		};
		463672171AA3EDB1000E5391 /* Supporting Files */ = {
			isa = PBXGroup;
			children = (
				46C9DD871ACC811300C2B7DE /* stickMazeIcon.PNG */,
				46A7F5601AC8F29800B4E49C /* runningLeft1.png */,
				46A7F5611AC8F29800B4E49C /* runningLeft2.png */,
				46A7F5621AC8F29800B4E49C /* runningLeft3.png */,
				46A7F5631AC8F29800B4E49C /* runningRight1.png */,
				46A7F5641AC8F29800B4E49C /* runningRight2.png */,
				46A7F5651AC8F29800B4E49C /* runningRight3.png */,
				46A7F55A1AC8F22C00B4E49C /* gettingUp1.png */,
				46A7F55B1AC8F22C00B4E49C /* gettingUp2.png */,
				46A7F55C1AC8F22C00B4E49C /* gettingUp3.png */,
				46A7F5541AC8F1A700B4E49C /* falling1.png */,
				46A7F5551AC8F1A700B4E49C /* falling2.png */,
				46A7F5561AC8F1A700B4E49C /* falling3.png */,
				46A7F5521AC8DC1100B4E49C /* standing.png */,
				463672181AA3EDB1000E5391 /* Info.plist */,
				463672191AA3EDB1000E5391 /* main.m */,
			);
			name = "Supporting Files";
			path = StickMaze;
			sourceTree = SOURCE_ROOT;
		};
		463672301AA3EDB1000E5391 /* StickMazeTests */ = {
			isa = PBXGroup;
			children = (
				463672331AA3EDB1000E5391 /* StickMazeTests.m */,
				463672311AA3EDB1000E5391 /* Supporting Files */,
			);
			path = StickMazeTests;
			sourceTree = SOURCE_ROOT;
		};
		463672311AA3EDB1000E5391 /* Supporting Files */ = {
			isa = PBXGroup;
			children = (
				463672321AA3EDB1000E5391 /* Info.plist */,
			);
			name = "Supporting Files";
			sourceTree = "<group>";
		};
/* End PBXGroup section */

/* Begin PBXNativeTarget section */
		463672131AA3EDB1000E5391 /* StickMaze */ = {
			isa = PBXNativeTarget;
			buildConfigurationList = 463672371AA3EDB1000E5391 /* Build configuration list for PBXNativeTarget "StickMaze" */;
			buildPhases = (
				463672101AA3EDB1000E5391 /* Sources */,
				463672111AA3EDB1000E5391 /* Frameworks */,
				463672121AA3EDB1000E5391 /* Resources */,
			);
			buildRules = (
			);
			dependencies = (
			);
			name = StickMaze;
			productName = StickMaze;
			productReference = 463672141AA3EDB1000E5391 /* StickMaze.app */;
			productType = "com.apple.product-type.application";
		};
		4636722C1AA3EDB1000E5391 /* StickMazeTests */ = {
			isa = PBXNativeTarget;
			buildConfigurationList = 4636723A1AA3EDB1000E5391 /* Build configuration list for PBXNativeTarget "StickMazeTests" */;
			buildPhases = (
				463672291AA3EDB1000E5391 /* Sources */,
				4636722A1AA3EDB1000E5391 /* Frameworks */,
				4636722B1AA3EDB1000E5391 /* Resources */,
			);
			buildRules = (
			);
			dependencies = (
				4636722F1AA3EDB1000E5391 /* PBXTargetDependency */,
			);
			name = StickMazeTests;
			productName = StickMazeTests;
			productReference = 4636722D1AA3EDB1000E5391 /* StickMazeTests.xctest */;
			productType = "com.apple.product-type.bundle.unit-test";
		};
/* End PBXNativeTarget section */

/* Begin PBXProject section */
		4636720C1AA3EDB1000E5391 /* Project object */ = {
			isa = PBXProject;
			attributes = {
				LastUpgradeCheck = 0610;
				ORGANIZATIONNAME = "Zackary Neil Chaulk";
				TargetAttributes = {
					463672131AA3EDB1000E5391 = {
						CreatedOnToolsVersion = 6.1.1;
					};
					4636722C1AA3EDB1000E5391 = {
						CreatedOnToolsVersion = 6.1.1;
						TestTargetID = 463672131AA3EDB1000E5391;
					};
				};
			};
			buildConfigurationList = 4636720F1AA3EDB1000E5391 /* Build configuration list for PBXProject "StickMaze" */;
			compatibilityVersion = "Xcode 3.2";
			developmentRegion = English;
			hasScannedForEncodings = 0;
			knownRegions = (
				en,
				Base,
			);
			mainGroup = 4636720B1AA3EDB1000E5391;
			productRefGroup = 463672151AA3EDB1000E5391 /* Products */;
			projectDirPath = "";
			projectRoot = "";
			targets = (
				463672131AA3EDB1000E5391 /* StickMaze */,
				4636722C1AA3EDB1000E5391 /* StickMazeTests */,
			);
		};
/* End PBXProject section */

/* Begin PBXResourcesBuildPhase section */
		463672121AA3EDB1000E5391 /* Resources */ = {
			isa = PBXResourcesBuildPhase;
			buildActionMask = 2147483647;
			files = (
				46C9DD881ACC811300C2B7DE /* stickMazeIcon.PNG in Resources */,
				46A7F5661AC8F29800B4E49C /* runningLeft1.png in Resources */,
				46A7F55F1AC8F22C00B4E49C /* gettingUp3.png in Resources */,
				46A7F5681AC8F29800B4E49C /* runningLeft3.png in Resources */,
				46A7F5691AC8F29800B4E49C /* runningRight1.png in Resources */,
				46A7F55D1AC8F22C00B4E49C /* gettingUp1.png in Resources */,
				46A7F55E1AC8F22C00B4E49C /* gettingUp2.png in Resources */,
				46A7F56B1AC8F29800B4E49C /* runningRight3.png in Resources */,
				463672281AA3EDB1000E5391 /* LaunchScreen.xib in Resources */,
				46393B791AB5F504005585CF /* PauseMenuViewController.xib in Resources */,
				46393B801AB612E2005585CF /* RecordsViewController.xib in Resources */,
				466D448A1AD084AA00E2412E /* Main.storyboard in Resources */,
				46A7F5671AC8F29800B4E49C /* runningLeft2.png in Resources */,
				463672251AA3EDB1000E5391 /* Images.xcassets in Resources */,
				46A7F5571AC8F1A700B4E49C /* falling1.png in Resources */,
				46A7F5581AC8F1A700B4E49C /* falling2.png in Resources */,
				46A7F5591AC8F1A700B4E49C /* falling3.png in Resources */,
				46A7F56A1AC8F29800B4E49C /* runningRight2.png in Resources */,
				46A7F5531AC8DC1100B4E49C /* standing.png in Resources */,
				46393B7E1AB612AE005585CF /* GameViewController.xib in Resources */,
			);
			runOnlyForDeploymentPostprocessing = 0;
		};
		4636722B1AA3EDB1000E5391 /* Resources */ = {
			isa = PBXResourcesBuildPhase;
			buildActionMask = 2147483647;
			files = (
			);
			runOnlyForDeploymentPostprocessing = 0;
		};
/* End PBXResourcesBuildPhase section */

/* Begin PBXSourcesBuildPhase section */
		463672101AA3EDB1000E5391 /* Sources */ = {
			isa = PBXSourcesBuildPhase;
			buildActionMask = 2147483647;
			files = (
				469F97011AC74E8300DD6D11 /* GameViewController.m in Sources */,
				469F97041AC74F4C00DD6D11 /* RecordsViewController.m in Sources */,
				466D447D1AD06DD300E2412E /* ScoreController.m in Sources */,
				46A7F5701AC8FBC500B4E49C /* MazeCell.m in Sources */,
				4680A17E1AC775DF0084DD06 /* StickMan.m in Sources */,
				4636721D1AA3EDB1000E5391 /* AppDelegate.m in Sources */,
				466D44871AD0807C00E2412E /* HomeViewController.m in Sources */,
				46393B781AB5F504005585CF /* PauseMenuViewController.m in Sources */,
				4636721A1AA3EDB1000E5391 /* main.m in Sources */,
				46A7F5711AC8FBC500B4E49C /* MazeModel.m in Sources */,
			);
			runOnlyForDeploymentPostprocessing = 0;
		};
		463672291AA3EDB1000E5391 /* Sources */ = {
			isa = PBXSourcesBuildPhase;
			buildActionMask = 2147483647;
			files = (
				463672341AA3EDB1000E5391 /* StickMazeTests.m in Sources */,
			);
			runOnlyForDeploymentPostprocessing = 0;
		};
/* End PBXSourcesBuildPhase section */

/* Begin PBXTargetDependency section */
		4636722F1AA3EDB1000E5391 /* PBXTargetDependency */ = {
			isa = PBXTargetDependency;
			target = 463672131AA3EDB1000E5391 /* StickMaze */;
			targetProxy = 4636722E1AA3EDB1000E5391 /* PBXContainerItemProxy */;
		};
/* End PBXTargetDependency section */

/* Begin PBXVariantGroup section */
		463672261AA3EDB1000E5391 /* LaunchScreen.xib */ = {
			isa = PBXVariantGroup;
			children = (
				463672271AA3EDB1000E5391 /* Base */,
			);
			name = LaunchScreen.xib;
			sourceTree = "<group>";
		};
/* End PBXVariantGroup section */

/* Begin XCBuildConfiguration section */
		463672351AA3EDB1000E5391 /* Debug */ = {
			isa = XCBuildConfiguration;
			buildSettings = {
				ALWAYS_SEARCH_USER_PATHS = NO;
				CLANG_CXX_LANGUAGE_STANDARD = "gnu++0x";
				CLANG_CXX_LIBRARY = "libc++";
				CLANG_ENABLE_MODULES = YES;
				CLANG_ENABLE_OBJC_ARC = YES;
				CLANG_WARN_BOOL_CONVERSION = YES;
				CLANG_WARN_CONSTANT_CONVERSION = YES;
				CLANG_WARN_DIRECT_OBJC_ISA_USAGE = YES_ERROR;
				CLANG_WARN_EMPTY_BODY = YES;
				CLANG_WARN_ENUM_CONVERSION = YES;
				CLANG_WARN_INT_CONVERSION = YES;
				CLANG_WARN_OBJC_ROOT_CLASS = YES_ERROR;
				CLANG_WARN_UNREACHABLE_CODE = YES;
				CLANG_WARN__DUPLICATE_METHOD_MATCH = YES;
				"CODE_SIGN_IDENTITY[sdk=iphoneos*]" = "iPhone Developer";
				COPY_PHASE_STRIP = NO;
				ENABLE_STRICT_OBJC_MSGSEND = YES;
				GCC_C_LANGUAGE_STANDARD = gnu99;
				GCC_DYNAMIC_NO_PIC = NO;
				GCC_OPTIMIZATION_LEVEL = 0;
				GCC_PREPROCESSOR_DEFINITIONS = (
					"DEBUG=1",
					"$(inherited)",
				);
				GCC_SYMBOLS_PRIVATE_EXTERN = NO;
				GCC_WARN_64_TO_32_BIT_CONVERSION = YES;
				GCC_WARN_ABOUT_RETURN_TYPE = YES_ERROR;
				GCC_WARN_UNDECLARED_SELECTOR = YES;
				GCC_WARN_UNINITIALIZED_AUTOS = YES_AGGRESSIVE;
				GCC_WARN_UNUSED_FUNCTION = YES;
				GCC_WARN_UNUSED_VARIABLE = YES;
				IPHONEOS_DEPLOYMENT_TARGET = 8.1;
				MTL_ENABLE_DEBUG_INFO = YES;
				ONLY_ACTIVE_ARCH = YES;
				SDKROOT = iphoneos;
				TARGETED_DEVICE_FAMILY = "1,2";
			};
			name = Debug;
		};
		463672361AA3EDB1000E5391 /* Release */ = {
			isa = XCBuildConfiguration;
			buildSettings = {
				ALWAYS_SEARCH_USER_PATHS = NO;
				CLANG_CXX_LANGUAGE_STANDARD = "gnu++0x";
				CLANG_CXX_LIBRARY = "libc++";
				CLANG_ENABLE_MODULES = YES;
				CLANG_ENABLE_OBJC_ARC = YES;
				CLANG_WARN_BOOL_CONVERSION = YES;
				CLANG_WARN_CONSTANT_CONVERSION = YES;
				CLANG_WARN_DIRECT_OBJC_ISA_USAGE = YES_ERROR;
				CLANG_WARN_EMPTY_BODY = YES;
				CLANG_WARN_ENUM_CONVERSION = YES;
				CLANG_WARN_INT_CONVERSION = YES;
				CLANG_WARN_OBJC_ROOT_CLASS = YES_ERROR;
				CLANG_WARN_UNREACHABLE_CODE = YES;
				CLANG_WARN__DUPLICATE_METHOD_MATCH = YES;
				"CODE_SIGN_IDENTITY[sdk=iphoneos*]" = "iPhone Developer";
				COPY_PHASE_STRIP = YES;
				ENABLE_NS_ASSERTIONS = NO;
				ENABLE_STRICT_OBJC_MSGSEND = YES;
				GCC_C_LANGUAGE_STANDARD = gnu99;
				GCC_WARN_64_TO_32_BIT_CONVERSION = YES;
				GCC_WARN_ABOUT_RETURN_TYPE = YES_ERROR;
				GCC_WARN_UNDECLARED_SELECTOR = YES;
				GCC_WARN_UNINITIALIZED_AUTOS = YES_AGGRESSIVE;
				GCC_WARN_UNUSED_FUNCTION = YES;
				GCC_WARN_UNUSED_VARIABLE = YES;
				IPHONEOS_DEPLOYMENT_TARGET = 8.1;
				MTL_ENABLE_DEBUG_INFO = NO;
				SDKROOT = iphoneos;
				TARGETED_DEVICE_FAMILY = "1,2";
				VALIDATE_PRODUCT = YES;
			};
			name = Release;
		};
		463672381AA3EDB1000E5391 /* Debug */ = {
			isa = XCBuildConfiguration;
			buildSettings = {
				ASSETCATALOG_COMPILER_APPICON_NAME = AppIcon;
				INFOPLIST_FILE = StickMaze/Info.plist;
				LD_RUNPATH_SEARCH_PATHS = "$(inherited) @executable_path/Frameworks";
				PRODUCT_NAME = "$(TARGET_NAME)";
			};
			name = Debug;
		};
		463672391AA3EDB1000E5391 /* Release */ = {
			isa = XCBuildConfiguration;
			buildSettings = {
				ASSETCATALOG_COMPILER_APPICON_NAME = AppIcon;
				INFOPLIST_FILE = StickMaze/Info.plist;
				LD_RUNPATH_SEARCH_PATHS = "$(inherited) @executable_path/Frameworks";
				PRODUCT_NAME = "$(TARGET_NAME)";
			};
			name = Release;
		};
		4636723B1AA3EDB1000E5391 /* Debug */ = {
			isa = XCBuildConfiguration;
			buildSettings = {
				BUNDLE_LOADER = "$(TEST_HOST)";
				FRAMEWORK_SEARCH_PATHS = (
					"$(SDKROOT)/Developer/Library/Frameworks",
					"$(inherited)",
				);
				GCC_PREPROCESSOR_DEFINITIONS = (
					"DEBUG=1",
					"$(inherited)",
				);
				INFOPLIST_FILE = StickMazeTests/Info.plist;
				LD_RUNPATH_SEARCH_PATHS = "$(inherited) @executable_path/Frameworks @loader_path/Frameworks";
				PRODUCT_NAME = "$(TARGET_NAME)";
				TEST_HOST = "$(BUILT_PRODUCTS_DIR)/StickMaze.app/StickMaze";
			};
			name = Debug;
		};
		4636723C1AA3EDB1000E5391 /* Release */ = {
			isa = XCBuildConfiguration;
			buildSettings = {
				BUNDLE_LOADER = "$(TEST_HOST)";
				FRAMEWORK_SEARCH_PATHS = (
					"$(SDKROOT)/Developer/Library/Frameworks",
					"$(inherited)",
				);
				INFOPLIST_FILE = StickMazeTests/Info.plist;
				LD_RUNPATH_SEARCH_PATHS = "$(inherited) @executable_path/Frameworks @loader_path/Frameworks";
				PRODUCT_NAME = "$(TARGET_NAME)";
				TEST_HOST = "$(BUILT_PRODUCTS_DIR)/StickMaze.app/StickMaze";
			};
			name = Release;
		};
/* End XCBuildConfiguration section */

/* Begin XCConfigurationList section */
		4636720F1AA3EDB1000E5391 /* Build configuration list for PBXProject "StickMaze" */ = {
			isa = XCConfigurationList;
			buildConfigurations = (
				463672351AA3EDB1000E5391 /* Debug */,
				463672361AA3EDB1000E5391 /* Release */,
			);
			defaultConfigurationIsVisible = 0;
			defaultConfigurationName = Release;
		};
		463672371AA3EDB1000E5391 /* Build configuration list for PBXNativeTarget "StickMaze" */ = {
			isa = XCConfigurationList;
			buildConfigurations = (
				463672381AA3EDB1000E5391 /* Debug */,
				463672391AA3EDB1000E5391 /* Release */,
			);
			defaultConfigurationIsVisible = 0;
			defaultConfigurationName = Release;
		};
		4636723A1AA3EDB1000E5391 /* Build configuration list for PBXNativeTarget "StickMazeTests" */ = {
			isa = XCConfigurationList;
			buildConfigurations = (
				4636723B1AA3EDB1000E5391 /* Debug */,
				4636723C1AA3EDB1000E5391 /* Release */,
			);
			defaultConfigurationIsVisible = 0;
			defaultConfigurationName = Release;
		};
/* End XCConfigurationList section */
	};
	rootObject = 4636720C1AA3EDB1000E5391 /* Project object */;
}
